// !$*UTF8*$!
{
	archiveVersion = 1;
	classes = {
	};
	objectVersion = 50;
	objects = {

/* Begin PBXBuildFile section */
		3600DE5F23C1302600B15576 /* FrequencyViewController.swift in Sources */ = {isa = PBXBuildFile; fileRef = 3600DE5E23C1302600B15576 /* FrequencyViewController.swift */; };
		3628FBA223B196880006FC7F /* NotificationSender.swift in Sources */ = {isa = PBXBuildFile; fileRef = 3628FBA123B196880006FC7F /* NotificationSender.swift */; };
		362D1DCF23C28B5400EAE224 /* HoursAndMinutes.swift in Sources */ = {isa = PBXBuildFile; fileRef = 362D1DCE23C28B5400EAE224 /* HoursAndMinutes.swift */; };
		365F3B0D23BC5C1600956EF4 /* NotificationEndTimeVC.swift in Sources */ = {isa = PBXBuildFile; fileRef = 365F3B0C23BC5C1600956EF4 /* NotificationEndTimeVC.swift */; };
		366A116D23AD699F004316FB /* AppDelegate.swift in Sources */ = {isa = PBXBuildFile; fileRef = 366A116C23AD699F004316FB /* AppDelegate.swift */; };
		366A11A923AD96EE004316FB /* ViewController.swift in Sources */ = {isa = PBXBuildFile; fileRef = 366A11A823AD96EE004316FB /* ViewController.swift */; };
		367AA0B023B86D5A008AA317 /* UnitViewController.swift in Sources */ = {isa = PBXBuildFile; fileRef = 367AA0AF23B86D5A008AA317 /* UnitViewController.swift */; };
		367AA0B223B8760A008AA317 /* DailyGoalViewController.swift in Sources */ = {isa = PBXBuildFile; fileRef = 367AA0B123B8760A008AA317 /* DailyGoalViewController.swift */; };
		3689E72C23BA96FC0017F031 /* Time.swift in Sources */ = {isa = PBXBuildFile; fileRef = 3689E72A23BA96FC0017F031 /* Time.swift */; };
		3689E72D23BA96FC0017F031 /* TimeCell.swift in Sources */ = {isa = PBXBuildFile; fileRef = 3689E72B23BA96FC0017F031 /* TimeCell.swift */; };
		3689E72F23BA98200017F031 /* timeToStringHelper.swift in Sources */ = {isa = PBXBuildFile; fileRef = 3689E72E23BA98200017F031 /* timeToStringHelper.swift */; };
		3689E73123BAD54B0017F031 /* NotificationStartTimeVC.swift in Sources */ = {isa = PBXBuildFile; fileRef = 3689E73023BAD54B0017F031 /* NotificationStartTimeVC.swift */; };
		36CE6DAC23AF35DE00AF4E14 /* SettingViewController.swift in Sources */ = {isa = PBXBuildFile; fileRef = 36CE6DAB23AF35DE00AF4E14 /* SettingViewController.swift */; };
		36CE6DAE23AF389B00AF4E14 /* SettingViewCell.swift in Sources */ = {isa = PBXBuildFile; fileRef = 36CE6DAD23AF389B00AF4E14 /* SettingViewCell.swift */; };
		36CE6DB023AF4E2F00AF4E14 /* Setting.swift in Sources */ = {isa = PBXBuildFile; fileRef = 36CE6DAF23AF4E2F00AF4E14 /* Setting.swift */; };
		36D5D8B023AC8781007B1187 /* Main.storyboard in Resources */ = {isa = PBXBuildFile; fileRef = 36D5D8AE23AC8781007B1187 /* Main.storyboard */; };
		36D5D8B223AC8782007B1187 /* Assets.xcassets in Resources */ = {isa = PBXBuildFile; fileRef = 36D5D8B123AC8782007B1187 /* Assets.xcassets */; };
		36D5D8B523AC8782007B1187 /* LaunchScreen.storyboard in Resources */ = {isa = PBXBuildFile; fileRef = 36D5D8B323AC8782007B1187 /* LaunchScreen.storyboard */; };
		36D5D8C023AC8783007B1187 /* DrinkWaterTests.swift in Sources */ = {isa = PBXBuildFile; fileRef = 36D5D8BF23AC8783007B1187 /* DrinkWaterTests.swift */; };
		36D5D8CB23AC8783007B1187 /* DrinkWaterUITests.swift in Sources */ = {isa = PBXBuildFile; fileRef = 36D5D8CA23AC8783007B1187 /* DrinkWaterUITests.swift */; };
		36E8C78723B2D21200C2832D /* AddTimeViewController.swift in Sources */ = {isa = PBXBuildFile; fileRef = 36E8C78623B2D21200C2832D /* AddTimeViewController.swift */; };
/* End PBXBuildFile section */

/* Begin PBXContainerItemProxy section */
		36D5D8BC23AC8783007B1187 /* PBXContainerItemProxy */ = {
			isa = PBXContainerItemProxy;
			containerPortal = 36D5D89B23AC8781007B1187 /* Project object */;
			proxyType = 1;
			remoteGlobalIDString = 36D5D8A223AC8781007B1187;
			remoteInfo = DrinkWater;
		};
		36D5D8C723AC8783007B1187 /* PBXContainerItemProxy */ = {
			isa = PBXContainerItemProxy;
			containerPortal = 36D5D89B23AC8781007B1187 /* Project object */;
			proxyType = 1;
			remoteGlobalIDString = 36D5D8A223AC8781007B1187;
			remoteInfo = DrinkWater;
		};
/* End PBXContainerItemProxy section */

/* Begin PBXFileReference section */
		3600DE5E23C1302600B15576 /* FrequencyViewController.swift */ = {isa = PBXFileReference; lastKnownFileType = sourcecode.swift; path = FrequencyViewController.swift; sourceTree = "<group>"; };
		360F091123B43727002C90BF /* DrinkWater.entitlements */ = {isa = PBXFileReference; lastKnownFileType = text.plist.entitlements; path = DrinkWater.entitlements; sourceTree = "<group>"; };
		360F091D23B43B8D002C90BF /* zh-Hant-TW */ = {isa = PBXFileReference; lastKnownFileType = text.plist.strings; name = "zh-Hant-TW"; path = "zh-Hant-TW.lproj/Main.strings"; sourceTree = "<group>"; };
		360F091E23B43B8D002C90BF /* zh-Hant-TW */ = {isa = PBXFileReference; lastKnownFileType = text.plist.strings; name = "zh-Hant-TW"; path = "zh-Hant-TW.lproj/LaunchScreen.strings"; sourceTree = "<group>"; };
		3628FBA123B196880006FC7F /* NotificationSender.swift */ = {isa = PBXFileReference; lastKnownFileType = sourcecode.swift; path = NotificationSender.swift; sourceTree = "<group>"; };
		362D1DCE23C28B5400EAE224 /* HoursAndMinutes.swift */ = {isa = PBXFileReference; lastKnownFileType = sourcecode.swift; path = HoursAndMinutes.swift; sourceTree = "<group>"; };
		365F3B0C23BC5C1600956EF4 /* NotificationEndTimeVC.swift */ = {isa = PBXFileReference; lastKnownFileType = sourcecode.swift; path = NotificationEndTimeVC.swift; sourceTree = "<group>"; };
		366A116C23AD699F004316FB /* AppDelegate.swift */ = {isa = PBXFileReference; fileEncoding = 4; lastKnownFileType = sourcecode.swift; path = AppDelegate.swift; sourceTree = "<group>"; };
		366A11A823AD96EE004316FB /* ViewController.swift */ = {isa = PBXFileReference; fileEncoding = 4; lastKnownFileType = sourcecode.swift; path = ViewController.swift; sourceTree = "<group>"; };
		367AA0AF23B86D5A008AA317 /* UnitViewController.swift */ = {isa = PBXFileReference; lastKnownFileType = sourcecode.swift; path = UnitViewController.swift; sourceTree = "<group>"; };
		367AA0B123B8760A008AA317 /* DailyGoalViewController.swift */ = {isa = PBXFileReference; lastKnownFileType = sourcecode.swift; path = DailyGoalViewController.swift; sourceTree = "<group>"; };
		3689E72A23BA96FC0017F031 /* Time.swift */ = {isa = PBXFileReference; fileEncoding = 4; lastKnownFileType = sourcecode.swift; path = Time.swift; sourceTree = "<group>"; };
		3689E72B23BA96FC0017F031 /* TimeCell.swift */ = {isa = PBXFileReference; fileEncoding = 4; lastKnownFileType = sourcecode.swift; path = TimeCell.swift; sourceTree = "<group>"; };
		3689E72E23BA98200017F031 /* timeToStringHelper.swift */ = {isa = PBXFileReference; lastKnownFileType = sourcecode.swift; path = timeToStringHelper.swift; sourceTree = "<group>"; };
		3689E73023BAD54B0017F031 /* NotificationStartTimeVC.swift */ = {isa = PBXFileReference; lastKnownFileType = sourcecode.swift; path = NotificationStartTimeVC.swift; sourceTree = "<group>"; };
		36CE6DAB23AF35DE00AF4E14 /* SettingViewController.swift */ = {isa = PBXFileReference; lastKnownFileType = sourcecode.swift; path = SettingViewController.swift; sourceTree = "<group>"; };
		36CE6DAD23AF389B00AF4E14 /* SettingViewCell.swift */ = {isa = PBXFileReference; lastKnownFileType = sourcecode.swift; path = SettingViewCell.swift; sourceTree = "<group>"; };
		36CE6DAF23AF4E2F00AF4E14 /* Setting.swift */ = {isa = PBXFileReference; lastKnownFileType = sourcecode.swift; path = Setting.swift; sourceTree = "<group>"; };
		36D5D8A323AC8781007B1187 /* DrinkWater.app */ = {isa = PBXFileReference; explicitFileType = wrapper.application; includeInIndex = 0; path = DrinkWater.app; sourceTree = BUILT_PRODUCTS_DIR; };
		36D5D8AF23AC8781007B1187 /* Base */ = {isa = PBXFileReference; lastKnownFileType = file.storyboard; name = Base; path = Base.lproj/Main.storyboard; sourceTree = "<group>"; };
		36D5D8B123AC8782007B1187 /* Assets.xcassets */ = {isa = PBXFileReference; lastKnownFileType = folder.assetcatalog; path = Assets.xcassets; sourceTree = "<group>"; };
		36D5D8B423AC8782007B1187 /* Base */ = {isa = PBXFileReference; lastKnownFileType = file.storyboard; name = Base; path = Base.lproj/LaunchScreen.storyboard; sourceTree = "<group>"; };
		36D5D8B623AC8782007B1187 /* Info.plist */ = {isa = PBXFileReference; lastKnownFileType = text.plist.xml; path = Info.plist; sourceTree = "<group>"; };
		36D5D8BB23AC8783007B1187 /* DrinkWaterTests.xctest */ = {isa = PBXFileReference; explicitFileType = wrapper.cfbundle; includeInIndex = 0; path = DrinkWaterTests.xctest; sourceTree = BUILT_PRODUCTS_DIR; };
		36D5D8BF23AC8783007B1187 /* DrinkWaterTests.swift */ = {isa = PBXFileReference; lastKnownFileType = sourcecode.swift; path = DrinkWaterTests.swift; sourceTree = "<group>"; };
		36D5D8C123AC8783007B1187 /* Info.plist */ = {isa = PBXFileReference; lastKnownFileType = text.plist.xml; path = Info.plist; sourceTree = "<group>"; };
		36D5D8C623AC8783007B1187 /* DrinkWaterUITests.xctest */ = {isa = PBXFileReference; explicitFileType = wrapper.cfbundle; includeInIndex = 0; path = DrinkWaterUITests.xctest; sourceTree = BUILT_PRODUCTS_DIR; };
		36D5D8CA23AC8783007B1187 /* DrinkWaterUITests.swift */ = {isa = PBXFileReference; lastKnownFileType = sourcecode.swift; path = DrinkWaterUITests.swift; sourceTree = "<group>"; };
		36D5D8CC23AC8783007B1187 /* Info.plist */ = {isa = PBXFileReference; lastKnownFileType = text.plist.xml; path = Info.plist; sourceTree = "<group>"; };
		36E8C78623B2D21200C2832D /* AddTimeViewController.swift */ = {isa = PBXFileReference; lastKnownFileType = sourcecode.swift; path = AddTimeViewController.swift; sourceTree = "<group>"; };
/* End PBXFileReference section */

/* Begin PBXFrameworksBuildPhase section */
		36D5D8A023AC8781007B1187 /* Frameworks */ = {
			isa = PBXFrameworksBuildPhase;
			buildActionMask = 2147483647;
			files = (
			);
			runOnlyForDeploymentPostprocessing = 0;
		};
		36D5D8B823AC8783007B1187 /* Frameworks */ = {
			isa = PBXFrameworksBuildPhase;
			buildActionMask = 2147483647;
			files = (
			);
			runOnlyForDeploymentPostprocessing = 0;
		};
		36D5D8C323AC8783007B1187 /* Frameworks */ = {
			isa = PBXFrameworksBuildPhase;
			buildActionMask = 2147483647;
			files = (
			);
			runOnlyForDeploymentPostprocessing = 0;
		};
/* End PBXFrameworksBuildPhase section */

/* Begin PBXGroup section */
		360F091223B43728002C90BF /* Frameworks */ = {
			isa = PBXGroup;
			children = (
			);
			name = Frameworks;
			sourceTree = "<group>";
		};
		366A11AA23AD973B004316FB /* Supporting files */ = {
			isa = PBXGroup;
			children = (
				366A116C23AD699F004316FB /* AppDelegate.swift */,
				36D5D8B323AC8782007B1187 /* LaunchScreen.storyboard */,
			);
			path = "Supporting files";
			sourceTree = "<group>";
		};
		36CE6DB323B07E5E00AF4E14 /* Setting */ = {
			isa = PBXGroup;
			children = (
				36CE6DAD23AF389B00AF4E14 /* SettingViewCell.swift */,
				36CE6DAF23AF4E2F00AF4E14 /* Setting.swift */,
			);
			path = Setting;
			sourceTree = "<group>";
		};
		36D5D89A23AC8781007B1187 = {
			isa = PBXGroup;
			children = (
				36D5D8A523AC8781007B1187 /* DrinkWater */,
				36D5D8BE23AC8783007B1187 /* DrinkWaterTests */,
				36D5D8C923AC8783007B1187 /* DrinkWaterUITests */,
				36D5D8A423AC8781007B1187 /* Products */,
				360F091223B43728002C90BF /* Frameworks */,
			);
			sourceTree = "<group>";
		};
		36D5D8A423AC8781007B1187 /* Products */ = {
			isa = PBXGroup;
			children = (
				36D5D8A323AC8781007B1187 /* DrinkWater.app */,
				36D5D8BB23AC8783007B1187 /* DrinkWaterTests.xctest */,
				36D5D8C623AC8783007B1187 /* DrinkWaterUITests.xctest */,
			);
			name = Products;
			sourceTree = "<group>";
		};
		36D5D8A523AC8781007B1187 /* DrinkWater */ = {
			isa = PBXGroup;
			children = (
				360F091123B43727002C90BF /* DrinkWater.entitlements */,
				36D5D8AE23AC8781007B1187 /* Main.storyboard */,
				36D5D8B623AC8782007B1187 /* Info.plist */,
				36D5D8B123AC8782007B1187 /* Assets.xcassets */,
				36E8C78523B2D1C400C2832D /* ViewControllers */,
				3628FBA123B196880006FC7F /* NotificationSender.swift */,
				3689E72B23BA96FC0017F031 /* TimeCell.swift */,
				362D1DCE23C28B5400EAE224 /* HoursAndMinutes.swift */,
				3689E72A23BA96FC0017F031 /* Time.swift */,
				3689E72E23BA98200017F031 /* timeToStringHelper.swift */,
				36CE6DB323B07E5E00AF4E14 /* Setting */,
				366A11AA23AD973B004316FB /* Supporting files */,
			);
			path = DrinkWater;
			sourceTree = "<group>";
		};
		36D5D8BE23AC8783007B1187 /* DrinkWaterTests */ = {
			isa = PBXGroup;
			children = (
				36D5D8BF23AC8783007B1187 /* DrinkWaterTests.swift */,
				36D5D8C123AC8783007B1187 /* Info.plist */,
			);
			path = DrinkWaterTests;
			sourceTree = "<group>";
		};
		36D5D8C923AC8783007B1187 /* DrinkWaterUITests */ = {
			isa = PBXGroup;
			children = (
				36D5D8CA23AC8783007B1187 /* DrinkWaterUITests.swift */,
				36D5D8CC23AC8783007B1187 /* Info.plist */,
			);
			path = DrinkWaterUITests;
			sourceTree = "<group>";
		};
		36E8C78523B2D1C400C2832D /* ViewControllers */ = {
			isa = PBXGroup;
			children = (
				366A11A823AD96EE004316FB /* ViewController.swift */,
				36E8C78623B2D21200C2832D /* AddTimeViewController.swift */,
				3600DE5E23C1302600B15576 /* FrequencyViewController.swift */,
				36CE6DAB23AF35DE00AF4E14 /* SettingViewController.swift */,
				367AA0B123B8760A008AA317 /* DailyGoalViewController.swift */,
				365F3B0C23BC5C1600956EF4 /* NotificationEndTimeVC.swift */,
				3689E73023BAD54B0017F031 /* NotificationStartTimeVC.swift */,
				367AA0AF23B86D5A008AA317 /* UnitViewController.swift */,
			);
			path = ViewControllers;
			sourceTree = "<group>";
		};
/* End PBXGroup section */

/* Begin PBXNativeTarget section */
		36D5D8A223AC8781007B1187 /* DrinkWater */ = {
			isa = PBXNativeTarget;
			buildConfigurationList = 36D5D8CF23AC8783007B1187 /* Build configuration list for PBXNativeTarget "DrinkWater" */;
			buildPhases = (
				36D5D89F23AC8781007B1187 /* Sources */,
				36D5D8A023AC8781007B1187 /* Frameworks */,
				36D5D8A123AC8781007B1187 /* Resources */,
			);
			buildRules = (
			);
			dependencies = (
			);
			name = DrinkWater;
			productName = DrinkWater;
			productReference = 36D5D8A323AC8781007B1187 /* DrinkWater.app */;
			productType = "com.apple.product-type.application";
		};
		36D5D8BA23AC8783007B1187 /* DrinkWaterTests */ = {
			isa = PBXNativeTarget;
			buildConfigurationList = 36D5D8D223AC8783007B1187 /* Build configuration list for PBXNativeTarget "DrinkWaterTests" */;
			buildPhases = (
				36D5D8B723AC8783007B1187 /* Sources */,
				36D5D8B823AC8783007B1187 /* Frameworks */,
				36D5D8B923AC8783007B1187 /* Resources */,
			);
			buildRules = (
			);
			dependencies = (
				36D5D8BD23AC8783007B1187 /* PBXTargetDependency */,
			);
			name = DrinkWaterTests;
			productName = DrinkWaterTests;
			productReference = 36D5D8BB23AC8783007B1187 /* DrinkWaterTests.xctest */;
			productType = "com.apple.product-type.bundle.unit-test";
		};
		36D5D8C523AC8783007B1187 /* DrinkWaterUITests */ = {
			isa = PBXNativeTarget;
			buildConfigurationList = 36D5D8D523AC8783007B1187 /* Build configuration list for PBXNativeTarget "DrinkWaterUITests" */;
			buildPhases = (
				36D5D8C223AC8783007B1187 /* Sources */,
				36D5D8C323AC8783007B1187 /* Frameworks */,
				36D5D8C423AC8783007B1187 /* Resources */,
			);
			buildRules = (
			);
			dependencies = (
				36D5D8C823AC8783007B1187 /* PBXTargetDependency */,
			);
			name = DrinkWaterUITests;
			productName = DrinkWaterUITests;
			productReference = 36D5D8C623AC8783007B1187 /* DrinkWaterUITests.xctest */;
			productType = "com.apple.product-type.bundle.ui-testing";
		};
/* End PBXNativeTarget section */

/* Begin PBXProject section */
		36D5D89B23AC8781007B1187 /* Project object */ = {
			isa = PBXProject;
			attributes = {
				LastSwiftUpdateCheck = 1020;
				LastUpgradeCheck = 1020;
				ORGANIZATIONNAME = "Edward Chen";
				TargetAttributes = {
					36D5D8A223AC8781007B1187 = {
						CreatedOnToolsVersion = 10.2.1;
						SystemCapabilities = {
							com.apple.BackgroundModes = {
								enabled = 1;
							};
							com.apple.DataProtection = {
								enabled = 0;
							};
							com.apple.HealthKit = {
								enabled = 0;
							};
							com.apple.HomeKit = {
								enabled = 0;
							};
							com.apple.Keychain = {
								enabled = 0;
							};
						};
					};
					36D5D8BA23AC8783007B1187 = {
						CreatedOnToolsVersion = 10.2.1;
						TestTargetID = 36D5D8A223AC8781007B1187;
					};
					36D5D8C523AC8783007B1187 = {
						CreatedOnToolsVersion = 10.2.1;
						TestTargetID = 36D5D8A223AC8781007B1187;
					};
				};
			};
			buildConfigurationList = 36D5D89E23AC8781007B1187 /* Build configuration list for PBXProject "DrinkWater" */;
			compatibilityVersion = "Xcode 9.3";
			developmentRegion = en;
			hasScannedForEncodings = 0;
			knownRegions = (
				en,
				Base,
				"zh-Hant-TW",
			);
			mainGroup = 36D5D89A23AC8781007B1187;
			productRefGroup = 36D5D8A423AC8781007B1187 /* Products */;
			projectDirPath = "";
			projectRoot = "";
			targets = (
				36D5D8A223AC8781007B1187 /* DrinkWater */,
				36D5D8BA23AC8783007B1187 /* DrinkWaterTests */,
				36D5D8C523AC8783007B1187 /* DrinkWaterUITests */,
			);
		};
/* End PBXProject section */

/* Begin PBXResourcesBuildPhase section */
		36D5D8A123AC8781007B1187 /* Resources */ = {
			isa = PBXResourcesBuildPhase;
			buildActionMask = 2147483647;
			files = (
				36D5D8B523AC8782007B1187 /* LaunchScreen.storyboard in Resources */,
				36D5D8B223AC8782007B1187 /* Assets.xcassets in Resources */,
				36D5D8B023AC8781007B1187 /* Main.storyboard in Resources */,
			);
			runOnlyForDeploymentPostprocessing = 0;
		};
		36D5D8B923AC8783007B1187 /* Resources */ = {
			isa = PBXResourcesBuildPhase;
			buildActionMask = 2147483647;
			files = (
			);
			runOnlyForDeploymentPostprocessing = 0;
		};
		36D5D8C423AC8783007B1187 /* Resources */ = {
			isa = PBXResourcesBuildPhase;
			buildActionMask = 2147483647;
			files = (
			);
			runOnlyForDeploymentPostprocessing = 0;
		};
/* End PBXResourcesBuildPhase section */

/* Begin PBXSourcesBuildPhase section */
		36D5D89F23AC8781007B1187 /* Sources */ = {
			isa = PBXSourcesBuildPhase;
			buildActionMask = 2147483647;
			files = (
				3689E72F23BA98200017F031 /* timeToStringHelper.swift in Sources */,
				3628FBA223B196880006FC7F /* NotificationSender.swift in Sources */,
				367AA0B023B86D5A008AA317 /* UnitViewController.swift in Sources */,
				3689E72D23BA96FC0017F031 /* TimeCell.swift in Sources */,
				3689E72C23BA96FC0017F031 /* Time.swift in Sources */,
				3689E73123BAD54B0017F031 /* NotificationStartTimeVC.swift in Sources */,
				3600DE5F23C1302600B15576 /* FrequencyViewController.swift in Sources */,
				36CE6DB023AF4E2F00AF4E14 /* Setting.swift in Sources */,
				366A11A923AD96EE004316FB /* ViewController.swift in Sources */,
				362D1DCF23C28B5400EAE224 /* HoursAndMinutes.swift in Sources */,
				36CE6DAE23AF389B00AF4E14 /* SettingViewCell.swift in Sources */,
				36E8C78723B2D21200C2832D /* AddTimeViewController.swift in Sources */,
				366A116D23AD699F004316FB /* AppDelegate.swift in Sources */,
				367AA0B223B8760A008AA317 /* DailyGoalViewController.swift in Sources */,
				365F3B0D23BC5C1600956EF4 /* NotificationEndTimeVC.swift in Sources */,
				36CE6DAC23AF35DE00AF4E14 /* SettingViewController.swift in Sources */,
			);
			runOnlyForDeploymentPostprocessing = 0;
		};
		36D5D8B723AC8783007B1187 /* Sources */ = {
			isa = PBXSourcesBuildPhase;
			buildActionMask = 2147483647;
			files = (
				36D5D8C023AC8783007B1187 /* DrinkWaterTests.swift in Sources */,
			);
			runOnlyForDeploymentPostprocessing = 0;
		};
		36D5D8C223AC8783007B1187 /* Sources */ = {
			isa = PBXSourcesBuildPhase;
			buildActionMask = 2147483647;
			files = (
				36D5D8CB23AC8783007B1187 /* DrinkWaterUITests.swift in Sources */,
			);
			runOnlyForDeploymentPostprocessing = 0;
		};
/* End PBXSourcesBuildPhase section */

/* Begin PBXTargetDependency section */
		36D5D8BD23AC8783007B1187 /* PBXTargetDependency */ = {
			isa = PBXTargetDependency;
			target = 36D5D8A223AC8781007B1187 /* DrinkWater */;
			targetProxy = 36D5D8BC23AC8783007B1187 /* PBXContainerItemProxy */;
		};
		36D5D8C823AC8783007B1187 /* PBXTargetDependency */ = {
			isa = PBXTargetDependency;
			target = 36D5D8A223AC8781007B1187 /* DrinkWater */;
			targetProxy = 36D5D8C723AC8783007B1187 /* PBXContainerItemProxy */;
		};
/* End PBXTargetDependency section */

/* Begin PBXVariantGroup section */
		36D5D8AE23AC8781007B1187 /* Main.storyboard */ = {
			isa = PBXVariantGroup;
			children = (
				36D5D8AF23AC8781007B1187 /* Base */,
				360F091D23B43B8D002C90BF /* zh-Hant-TW */,
			);
			name = Main.storyboard;
			sourceTree = "<group>";
		};
		36D5D8B323AC8782007B1187 /* LaunchScreen.storyboard */ = {
			isa = PBXVariantGroup;
			children = (
				36D5D8B423AC8782007B1187 /* Base */,
				360F091E23B43B8D002C90BF /* zh-Hant-TW */,
			);
			name = LaunchScreen.storyboard;
			sourceTree = "<group>";
		};
/* End PBXVariantGroup section */

/* Begin XCBuildConfiguration section */
		36D5D8CD23AC8783007B1187 /* Debug */ = {
			isa = XCBuildConfiguration;
			buildSettings = {
				ALWAYS_SEARCH_USER_PATHS = NO;
				CLANG_ANALYZER_LOCALIZABILITY_NONLOCALIZED = YES;
				CLANG_ANALYZER_NONNULL = YES;
				CLANG_ANALYZER_NUMBER_OBJECT_CONVERSION = YES_AGGRESSIVE;
				CLANG_CXX_LANGUAGE_STANDARD = "gnu++14";
				CLANG_CXX_LIBRARY = "libc++";
				CLANG_ENABLE_MODULES = YES;
				CLANG_ENABLE_OBJC_ARC = YES;
				CLANG_ENABLE_OBJC_WEAK = YES;
				CLANG_WARN_BLOCK_CAPTURE_AUTORELEASING = YES;
				CLANG_WARN_BOOL_CONVERSION = YES;
				CLANG_WARN_COMMA = YES;
				CLANG_WARN_CONSTANT_CONVERSION = YES;
				CLANG_WARN_DEPRECATED_OBJC_IMPLEMENTATIONS = YES;
				CLANG_WARN_DIRECT_OBJC_ISA_USAGE = YES_ERROR;
				CLANG_WARN_DOCUMENTATION_COMMENTS = YES;
				CLANG_WARN_EMPTY_BODY = YES;
				CLANG_WARN_ENUM_CONVERSION = YES;
				CLANG_WARN_INFINITE_RECURSION = YES;
				CLANG_WARN_INT_CONVERSION = YES;
				CLANG_WARN_NON_LITERAL_NULL_CONVERSION = YES;
				CLANG_WARN_OBJC_IMPLICIT_RETAIN_SELF = YES;
				CLANG_WARN_OBJC_LITERAL_CONVERSION = YES;
				CLANG_WARN_OBJC_ROOT_CLASS = YES_ERROR;
				CLANG_WARN_RANGE_LOOP_ANALYSIS = YES;
				CLANG_WARN_STRICT_PROTOTYPES = YES;
				CLANG_WARN_SUSPICIOUS_MOVE = YES;
				CLANG_WARN_UNGUARDED_AVAILABILITY = YES_AGGRESSIVE;
				CLANG_WARN_UNREACHABLE_CODE = YES;
				CLANG_WARN__DUPLICATE_METHOD_MATCH = YES;
				CODE_SIGN_IDENTITY = "iPhone Developer";
				COPY_PHASE_STRIP = NO;
				DEBUG_INFORMATION_FORMAT = dwarf;
				ENABLE_STRICT_OBJC_MSGSEND = YES;
				ENABLE_TESTABILITY = YES;
				GCC_C_LANGUAGE_STANDARD = gnu11;
				GCC_DYNAMIC_NO_PIC = NO;
				GCC_NO_COMMON_BLOCKS = YES;
				GCC_OPTIMIZATION_LEVEL = 0;
				GCC_PREPROCESSOR_DEFINITIONS = (
					"DEBUG=1",
					"$(inherited)",
				);
				GCC_WARN_64_TO_32_BIT_CONVERSION = YES;
				GCC_WARN_ABOUT_RETURN_TYPE = YES_ERROR;
				GCC_WARN_UNDECLARED_SELECTOR = YES;
				GCC_WARN_UNINITIALIZED_AUTOS = YES_AGGRESSIVE;
				GCC_WARN_UNUSED_FUNCTION = YES;
				GCC_WARN_UNUSED_VARIABLE = YES;
				IPHONEOS_DEPLOYMENT_TARGET = 12.2;
				MTL_ENABLE_DEBUG_INFO = INCLUDE_SOURCE;
				MTL_FAST_MATH = YES;
				ONLY_ACTIVE_ARCH = YES;
				SDKROOT = iphoneos;
				SWIFT_ACTIVE_COMPILATION_CONDITIONS = DEBUG;
				SWIFT_OPTIMIZATION_LEVEL = "-Onone";
			};
			name = Debug;
		};
		36D5D8CE23AC8783007B1187 /* Release */ = {
			isa = XCBuildConfiguration;
			buildSettings = {
				ALWAYS_SEARCH_USER_PATHS = NO;
				CLANG_ANALYZER_LOCALIZABILITY_NONLOCALIZED = YES;
				CLANG_ANALYZER_NONNULL = YES;
				CLANG_ANALYZER_NUMBER_OBJECT_CONVERSION = YES_AGGRESSIVE;
				CLANG_CXX_LANGUAGE_STANDARD = "gnu++14";
				CLANG_CXX_LIBRARY = "libc++";
				CLANG_ENABLE_MODULES = YES;
				CLANG_ENABLE_OBJC_ARC = YES;
				CLANG_ENABLE_OBJC_WEAK = YES;
				CLANG_WARN_BLOCK_CAPTURE_AUTORELEASING = YES;
				CLANG_WARN_BOOL_CONVERSION = YES;
				CLANG_WARN_COMMA = YES;
				CLANG_WARN_CONSTANT_CONVERSION = YES;
				CLANG_WARN_DEPRECATED_OBJC_IMPLEMENTATIONS = YES;
				CLANG_WARN_DIRECT_OBJC_ISA_USAGE = YES_ERROR;
				CLANG_WARN_DOCUMENTATION_COMMENTS = YES;
				CLANG_WARN_EMPTY_BODY = YES;
				CLANG_WARN_ENUM_CONVERSION = YES;
				CLANG_WARN_INFINITE_RECURSION = YES;
				CLANG_WARN_INT_CONVERSION = YES;
				CLANG_WARN_NON_LITERAL_NULL_CONVERSION = YES;
				CLANG_WARN_OBJC_IMPLICIT_RETAIN_SELF = YES;
				CLANG_WARN_OBJC_LITERAL_CONVERSION = YES;
				CLANG_WARN_OBJC_ROOT_CLASS = YES_ERROR;
				CLANG_WARN_RANGE_LOOP_ANALYSIS = YES;
				CLANG_WARN_STRICT_PROTOTYPES = YES;
				CLANG_WARN_SUSPICIOUS_MOVE = YES;
				CLANG_WARN_UNGUARDED_AVAILABILITY = YES_AGGRESSIVE;
				CLANG_WARN_UNREACHABLE_CODE = YES;
				CLANG_WARN__DUPLICATE_METHOD_MATCH = YES;
				CODE_SIGN_IDENTITY = "iPhone Developer";
				COPY_PHASE_STRIP = NO;
				DEBUG_INFORMATION_FORMAT = "dwarf-with-dsym";
				ENABLE_NS_ASSERTIONS = NO;
				ENABLE_STRICT_OBJC_MSGSEND = YES;
				GCC_C_LANGUAGE_STANDARD = gnu11;
				GCC_NO_COMMON_BLOCKS = YES;
				GCC_WARN_64_TO_32_BIT_CONVERSION = YES;
				GCC_WARN_ABOUT_RETURN_TYPE = YES_ERROR;
				GCC_WARN_UNDECLARED_SELECTOR = YES;
				GCC_WARN_UNINITIALIZED_AUTOS = YES_AGGRESSIVE;
				GCC_WARN_UNUSED_FUNCTION = YES;
				GCC_WARN_UNUSED_VARIABLE = YES;
				IPHONEOS_DEPLOYMENT_TARGET = 12.2;
				MTL_ENABLE_DEBUG_INFO = NO;
				MTL_FAST_MATH = YES;
				SDKROOT = iphoneos;
				SWIFT_COMPILATION_MODE = wholemodule;
				SWIFT_OPTIMIZATION_LEVEL = "-O";
				VALIDATE_PRODUCT = YES;
			};
			name = Release;
		};
		36D5D8D023AC8783007B1187 /* Debug */ = {
			isa = XCBuildConfiguration;
			buildSettings = {
				ASSETCATALOG_COMPILER_APPICON_NAME = AppIcon;
				CODE_SIGN_STYLE = Automatic;
				DEVELOPMENT_TEAM = N3F6V2PLST;
				INFOPLIST_FILE = DrinkWater/Info.plist;
				LD_RUNPATH_SEARCH_PATHS = (
					"$(inherited)",
					"@executable_path/Frameworks",
				);
				PRODUCT_BUNDLE_IDENTIFIER = "Edward-Chen.DrinkWater";
				PRODUCT_NAME = "$(TARGET_NAME)";
				SWIFT_VERSION = 5.0;
				TARGETED_DEVICE_FAMILY = "1,2";
			};
			name = Debug;
		};
		36D5D8D123AC8783007B1187 /* Release */ = {
			isa = XCBuildConfiguration;
			buildSettings = {
				ASSETCATALOG_COMPILER_APPICON_NAME = AppIcon;
				CODE_SIGN_STYLE = Automatic;
				DEVELOPMENT_TEAM = N3F6V2PLST;
				INFOPLIST_FILE = DrinkWater/Info.plist;
				LD_RUNPATH_SEARCH_PATHS = (
					"$(inherited)",
					"@executable_path/Frameworks",
				);
				PRODUCT_BUNDLE_IDENTIFIER = "Edward-Chen.DrinkWater";
				PRODUCT_NAME = "$(TARGET_NAME)";
				SWIFT_VERSION = 5.0;
				TARGETED_DEVICE_FAMILY = "1,2";
			};
			name = Release;
		};
		36D5D8D323AC8783007B1187 /* Debug */ = {
			isa = XCBuildConfiguration;
			buildSettings = {
				ALWAYS_EMBED_SWIFT_STANDARD_LIBRARIES = YES;
				BUNDLE_LOADER = "$(TEST_HOST)";
				CODE_SIGN_STYLE = Automatic;
				INFOPLIST_FILE = DrinkWaterTests/Info.plist;
				LD_RUNPATH_SEARCH_PATHS = (
					"$(inherited)",
					"@executable_path/Frameworks",
					"@loader_path/Frameworks",
				);
				PRODUCT_BUNDLE_IDENTIFIER = "Edward-Chen.DrinkWaterTests";
				PRODUCT_NAME = "$(TARGET_NAME)";
				SWIFT_VERSION = 5.0;
				TARGETED_DEVICE_FAMILY = "1,2";
				TEST_HOST = "$(BUILT_PRODUCTS_DIR)/DrinkWater.app/DrinkWater";
			};
			name = Debug;
		};
		36D5D8D423AC8783007B1187 /* Release */ = {
			isa = XCBuildConfiguration;
			buildSettings = {
				ALWAYS_EMBED_SWIFT_STANDARD_LIBRARIES = YES;
				BUNDLE_LOADER = "$(TEST_HOST)";
				CODE_SIGN_STYLE = Automatic;
				INFOPLIST_FILE = DrinkWaterTests/Info.plist;
				LD_RUNPATH_SEARCH_PATHS = (
					"$(inherited)",
					"@executable_path/Frameworks",
					"@loader_path/Frameworks",
				);
				PRODUCT_BUNDLE_IDENTIFIER = "Edward-Chen.DrinkWaterTests";
				PRODUCT_NAME = "$(TARGET_NAME)";
				SWIFT_VERSION = 5.0;
				TARGETED_DEVICE_FAMILY = "1,2";
				TEST_HOST = "$(BUILT_PRODUCTS_DIR)/DrinkWater.app/DrinkWater";
			};
			name = Release;
		};
		36D5D8D623AC8783007B1187 /* Debug */ = {
			isa = XCBuildConfiguration;
			buildSettings = {
				ALWAYS_EMBED_SWIFT_STANDARD_LIBRARIES = YES;
				CODE_SIGN_STYLE = Automatic;
				INFOPLIST_FILE = DrinkWaterUITests/Info.plist;
				LD_RUNPATH_SEARCH_PATHS = (
					"$(inherited)",
					"@executable_path/Frameworks",
					"@loader_path/Frameworks",
				);
				PRODUCT_BUNDLE_IDENTIFIER = "Edward-Chen.DrinkWaterUITests";
				PRODUCT_NAME = "$(TARGET_NAME)";
				SWIFT_VERSION = 5.0;
				TARGETED_DEVICE_FAMILY = "1,2";
				TEST_TARGET_NAME = DrinkWater;
			};
			name = Debug;
		};
		36D5D8D723AC8783007B1187 /* Release */ = {
			isa = XCBuildConfiguration;
			buildSettings = {
				ALWAYS_EMBED_SWIFT_STANDARD_LIBRARIES = YES;
				CODE_SIGN_STYLE = Automatic;
				INFOPLIST_FILE = DrinkWaterUITests/Info.plist;
				LD_RUNPATH_SEARCH_PATHS = (
					"$(inherited)",
					"@executable_path/Frameworks",
					"@loader_path/Frameworks",
				);
				PRODUCT_BUNDLE_IDENTIFIER = "Edward-Chen.DrinkWaterUITests";
				PRODUCT_NAME = "$(TARGET_NAME)";
				SWIFT_VERSION = 5.0;
				TARGETED_DEVICE_FAMILY = "1,2";
				TEST_TARGET_NAME = DrinkWater;
			};
			name = Release;
		};
/* End XCBuildConfiguration section */

/* Begin XCConfigurationList section */
		36D5D89E23AC8781007B1187 /* Build configuration list for PBXProject "DrinkWater" */ = {
			isa = XCConfigurationList;
			buildConfigurations = (
				36D5D8CD23AC8783007B1187 /* Debug */,
				36D5D8CE23AC8783007B1187 /* Release */,
			);
			defaultConfigurationIsVisible = 0;
			defaultConfigurationName = Release;
		};
		36D5D8CF23AC8783007B1187 /* Build configuration list for PBXNativeTarget "DrinkWater" */ = {
			isa = XCConfigurationList;
			buildConfigurations = (
				36D5D8D023AC8783007B1187 /* Debug */,
				36D5D8D123AC8783007B1187 /* Release */,
			);
			defaultConfigurationIsVisible = 0;
			defaultConfigurationName = Release;
		};
		36D5D8D223AC8783007B1187 /* Build configuration list for PBXNativeTarget "DrinkWaterTests" */ = {
			isa = XCConfigurationList;
			buildConfigurations = (
				36D5D8D323AC8783007B1187 /* Debug */,
				36D5D8D423AC8783007B1187 /* Release */,
			);
			defaultConfigurationIsVisible = 0;
			defaultConfigurationName = Release;
		};
		36D5D8D523AC8783007B1187 /* Build configuration list for PBXNativeTarget "DrinkWaterUITests" */ = {
			isa = XCConfigurationList;
			buildConfigurations = (
				36D5D8D623AC8783007B1187 /* Debug */,
				36D5D8D723AC8783007B1187 /* Release */,
			);
			defaultConfigurationIsVisible = 0;
			defaultConfigurationName = Release;
		};
/* End XCConfigurationList section */
	};
	rootObject = 36D5D89B23AC8781007B1187 /* Project object */;
}
